
Microsoft Visual Studio Solution File, Format Version 12.00
# Visual Studio Version 16
VisualStudioVersion = 16.0.29613.14
MinimumVisualStudioVersion = 10.0.40219.1
Project("{FAE04EC0-301F-11D3-BF4B-00C04F79EFBC}") = "WarehouseManagement", "WarehouseManagement\WarehouseManagement.csproj", "{A0E441D7-ECAA-4E88-8789-04E22269BAA9}"
EndProject
Global
	GlobalSection(SolutionConfigurationPlatforms) = preSolution
		Debug|Any CPU = Debug|Any CPU
		Release|Any CPU = Release|Any CPU
	EndGlobalSection
	GlobalSection(ProjectConfigurationPlatforms) = postSolution
		{A0E441D7-ECAA-4E88-8789-04E22269BAA9}.Debug|Any CPU.ActiveCfg = Debug|Any CPU
		{A0E441D7-ECAA-4E88-8789-04E22269BAA9}.Debug|Any CPU.Build.0 = Debug|Any CPU
		{A0E441D7-ECAA-4E88-8789-04E22269BAA9}.Release|Any CPU.ActiveCfg = Release|Any CPU
		{A0E441D7-ECAA-4E88-8789-04E22269BAA9}.Release|Any CPU.Build.0 = Release|Any CPU
	EndGlobalSection
	GlobalSection(SolutionProperties) = preSolution
		HideSolutionNode = FALSE
	EndGlobalSection
	GlobalSection(ExtensibilityGlobals) = postSolution
		SolutionGuid = {6103448C-6A4C-4519-A7C9-0D2DF600899E}
	EndGlobalSection
EndGlobal
